// !$*UTF8*$!
{
	archiveVersion = 1;
	classes = {
	};
	objectVersion = 46;
	objects = {

/* Begin PBXBuildFile section */
		2005D8FB1D051F1800350F15 /* CharacteristicsController.swift in Sources */ = {isa = PBXBuildFile; fileRef = 2005D8FA1D051F1800350F15 /* CharacteristicsController.swift */; };
		2005D8FD1D05200800350F15 /* Global.swift in Sources */ = {isa = PBXBuildFile; fileRef = 2005D8FC1D05200800350F15 /* Global.swift */; };
		201DDD6F1D02ACFE0016E6A9 /* AppDelegate.swift in Sources */ = {isa = PBXBuildFile; fileRef = 201DDD6E1D02ACFE0016E6A9 /* AppDelegate.swift */; };
		201DDD741D02ACFE0016E6A9 /* Main.storyboard in Resources */ = {isa = PBXBuildFile; fileRef = 201DDD721D02ACFE0016E6A9 /* Main.storyboard */; };
		201DDD761D02ACFE0016E6A9 /* Assets.xcassets in Resources */ = {isa = PBXBuildFile; fileRef = 201DDD751D02ACFE0016E6A9 /* Assets.xcassets */; };
		201DDD791D02ACFE0016E6A9 /* LaunchScreen.storyboard in Resources */ = {isa = PBXBuildFile; fileRef = 201DDD771D02ACFE0016E6A9 /* LaunchScreen.storyboard */; };
		201DDD841D02ACFE0016E6A9 /* VisualBlueTests.swift in Sources */ = {isa = PBXBuildFile; fileRef = 201DDD831D02ACFE0016E6A9 /* VisualBlueTests.swift */; };
		20DF54F71D02AE2500761910 /* ScannedPeripheralsController.swift in Sources */ = {isa = PBXBuildFile; fileRef = 20DF54F61D02AE2500761910 /* ScannedPeripheralsController.swift */; };
		20FE29D91D0307E200F6D863 /* AnimatableSectionModel.swift in Sources */ = {isa = PBXBuildFile; fileRef = 20FE29C11D0307E200F6D863 /* AnimatableSectionModel.swift */; };
		20FE29DA1D0307E200F6D863 /* AnimatableSectionModelType+ItemPath.swift in Sources */ = {isa = PBXBuildFile; fileRef = 20FE29C21D0307E200F6D863 /* AnimatableSectionModelType+ItemPath.swift */; };
		20FE29DB1D0307E200F6D863 /* AnimatableSectionModelType.swift in Sources */ = {isa = PBXBuildFile; fileRef = 20FE29C31D0307E200F6D863 /* AnimatableSectionModelType.swift */; };
		20FE29DC1D0307E200F6D863 /* AnimationConfiguration.swift in Sources */ = {isa = PBXBuildFile; fileRef = 20FE29C41D0307E200F6D863 /* AnimationConfiguration.swift */; };
		20FE29DD1D0307E200F6D863 /* Changeset.swift in Sources */ = {isa = PBXBuildFile; fileRef = 20FE29C51D0307E200F6D863 /* Changeset.swift */; };
		20FE29DE1D0307E200F6D863 /* CollectionViewSectionedDataSource.swift in Sources */ = {isa = PBXBuildFile; fileRef = 20FE29C61D0307E200F6D863 /* CollectionViewSectionedDataSource.swift */; };
		20FE29DF1D0307E200F6D863 /* DataSources.swift in Sources */ = {isa = PBXBuildFile; fileRef = 20FE29C71D0307E200F6D863 /* DataSources.swift */; };
		20FE29E01D0307E200F6D863 /* Differentiator.swift in Sources */ = {isa = PBXBuildFile; fileRef = 20FE29C81D0307E200F6D863 /* Differentiator.swift */; };
		20FE29E11D0307E200F6D863 /* IdentifiableType.swift in Sources */ = {isa = PBXBuildFile; fileRef = 20FE29C91D0307E200F6D863 /* IdentifiableType.swift */; };
		20FE29E21D0307E200F6D863 /* IdentifiableValue.swift in Sources */ = {isa = PBXBuildFile; fileRef = 20FE29CA1D0307E200F6D863 /* IdentifiableValue.swift */; };
		20FE29E31D0307E200F6D863 /* ItemPath.swift in Sources */ = {isa = PBXBuildFile; fileRef = 20FE29CB1D0307E200F6D863 /* ItemPath.swift */; };
		20FE29E41D0307E200F6D863 /* Optional+Extensions.swift in Sources */ = {isa = PBXBuildFile; fileRef = 20FE29CC1D0307E200F6D863 /* Optional+Extensions.swift */; };
		20FE29E51D0307E200F6D863 /* SectionModel.swift in Sources */ = {isa = PBXBuildFile; fileRef = 20FE29CD1D0307E200F6D863 /* SectionModel.swift */; };
		20FE29E61D0307E200F6D863 /* SectionModelType.swift in Sources */ = {isa = PBXBuildFile; fileRef = 20FE29CE1D0307E200F6D863 /* SectionModelType.swift */; };
		20FE29E71D0307E200F6D863 /* TableViewSectionedDataSource.swift in Sources */ = {isa = PBXBuildFile; fileRef = 20FE29CF1D0307E200F6D863 /* TableViewSectionedDataSource.swift */; };
		20FE29E81D0307E200F6D863 /* UI+SectionedViewType.swift in Sources */ = {isa = PBXBuildFile; fileRef = 20FE29D01D0307E200F6D863 /* UI+SectionedViewType.swift */; };
		20FE29E91D0307E200F6D863 /* ObservableConvertibleType+Differentiator.swift in Sources */ = {isa = PBXBuildFile; fileRef = 20FE29D21D0307E200F6D863 /* ObservableConvertibleType+Differentiator.swift */; };
		20FE29EA1D0307E200F6D863 /* RxCollectionViewSectionedAnimatedDataSource.swift in Sources */ = {isa = PBXBuildFile; fileRef = 20FE29D31D0307E200F6D863 /* RxCollectionViewSectionedAnimatedDataSource.swift */; };
		20FE29EB1D0307E200F6D863 /* RxCollectionViewSectionedReloadDataSource.swift in Sources */ = {isa = PBXBuildFile; fileRef = 20FE29D41D0307E200F6D863 /* RxCollectionViewSectionedReloadDataSource.swift */; };
		20FE29EC1D0307E200F6D863 /* RxTableViewSectionedAnimatedDataSource.swift in Sources */ = {isa = PBXBuildFile; fileRef = 20FE29D51D0307E200F6D863 /* RxTableViewSectionedAnimatedDataSource.swift */; };
		20FE29ED1D0307E200F6D863 /* RxTableViewSectionedReloadDataSource.swift in Sources */ = {isa = PBXBuildFile; fileRef = 20FE29D61D0307E200F6D863 /* RxTableViewSectionedReloadDataSource.swift */; };
		20FE29EE1D0307E200F6D863 /* UISectionedViewType+RxAnimatedDataSource.swift in Sources */ = {isa = PBXBuildFile; fileRef = 20FE29D71D0307E200F6D863 /* UISectionedViewType+RxAnimatedDataSource.swift */; };
		20FE29EF1D0307E200F6D863 /* README.md in Sources */ = {isa = PBXBuildFile; fileRef = 20FE29D81D0307E200F6D863 /* README.md */; };
		69A3448792D70C1FF5129EE9 /* Pods_VisualBlue.framework in Frameworks */ = {isa = PBXBuildFile; fileRef = 871AD9EABE73B89023DA7557 /* Pods_VisualBlue.framework */; };
/* End PBXBuildFile section */

/* Begin PBXContainerItemProxy section */
		201DDD801D02ACFE0016E6A9 /* PBXContainerItemProxy */ = {
			isa = PBXContainerItemProxy;
			containerPortal = 201DDD631D02ACFE0016E6A9 /* Project object */;
			proxyType = 1;
			remoteGlobalIDString = 201DDD6A1D02ACFE0016E6A9;
			remoteInfo = VisualBlue;
		};
/* End PBXContainerItemProxy section */

/* Begin PBXFileReference section */
		2005D8FA1D051F1800350F15 /* CharacteristicsController.swift */ = {isa = PBXFileReference; fileEncoding = 4; lastKnownFileType = sourcecode.swift; path = CharacteristicsController.swift; sourceTree = "<group>"; };
		2005D8FC1D05200800350F15 /* Global.swift */ = {isa = PBXFileReference; fileEncoding = 4; lastKnownFileType = sourcecode.swift; path = Global.swift; sourceTree = "<group>"; };
		201DDD6B1D02ACFE0016E6A9 /* VisualBlue.app */ = {isa = PBXFileReference; explicitFileType = wrapper.application; includeInIndex = 0; path = VisualBlue.app; sourceTree = BUILT_PRODUCTS_DIR; };
		201DDD6E1D02ACFE0016E6A9 /* AppDelegate.swift */ = {isa = PBXFileReference; lastKnownFileType = sourcecode.swift; path = AppDelegate.swift; sourceTree = "<group>"; };
		201DDD731D02ACFE0016E6A9 /* Base */ = {isa = PBXFileReference; lastKnownFileType = file.storyboard; name = Base; path = Base.lproj/Main.storyboard; sourceTree = "<group>"; };
		201DDD751D02ACFE0016E6A9 /* Assets.xcassets */ = {isa = PBXFileReference; lastKnownFileType = folder.assetcatalog; path = Assets.xcassets; sourceTree = "<group>"; };
		201DDD781D02ACFE0016E6A9 /* Base */ = {isa = PBXFileReference; lastKnownFileType = file.storyboard; name = Base; path = Base.lproj/LaunchScreen.storyboard; sourceTree = "<group>"; };
		201DDD7A1D02ACFE0016E6A9 /* Info.plist */ = {isa = PBXFileReference; lastKnownFileType = text.plist.xml; path = Info.plist; sourceTree = "<group>"; };
		201DDD7F1D02ACFE0016E6A9 /* VisualBlueTests.xctest */ = {isa = PBXFileReference; explicitFileType = wrapper.cfbundle; includeInIndex = 0; path = VisualBlueTests.xctest; sourceTree = BUILT_PRODUCTS_DIR; };
		201DDD831D02ACFE0016E6A9 /* VisualBlueTests.swift */ = {isa = PBXFileReference; lastKnownFileType = sourcecode.swift; path = VisualBlueTests.swift; sourceTree = "<group>"; };
		201DDD851D02ACFE0016E6A9 /* Info.plist */ = {isa = PBXFileReference; lastKnownFileType = text.plist.xml; path = Info.plist; sourceTree = "<group>"; };
		20DF54F61D02AE2500761910 /* ScannedPeripheralsController.swift */ = {isa = PBXFileReference; fileEncoding = 4; lastKnownFileType = sourcecode.swift; path = ScannedPeripheralsController.swift; sourceTree = "<group>"; };
		20FE29C11D0307E200F6D863 /* AnimatableSectionModel.swift */ = {isa = PBXFileReference; fileEncoding = 4; lastKnownFileType = sourcecode.swift; path = AnimatableSectionModel.swift; sourceTree = "<group>"; };
		20FE29C21D0307E200F6D863 /* AnimatableSectionModelType+ItemPath.swift */ = {isa = PBXFileReference; fileEncoding = 4; lastKnownFileType = sourcecode.swift; path = "AnimatableSectionModelType+ItemPath.swift"; sourceTree = "<group>"; };
		20FE29C31D0307E200F6D863 /* AnimatableSectionModelType.swift */ = {isa = PBXFileReference; fileEncoding = 4; lastKnownFileType = sourcecode.swift; path = AnimatableSectionModelType.swift; sourceTree = "<group>"; };
		20FE29C41D0307E200F6D863 /* AnimationConfiguration.swift */ = {isa = PBXFileReference; fileEncoding = 4; lastKnownFileType = sourcecode.swift; path = AnimationConfiguration.swift; sourceTree = "<group>"; };
		20FE29C51D0307E200F6D863 /* Changeset.swift */ = {isa = PBXFileReference; fileEncoding = 4; lastKnownFileType = sourcecode.swift; path = Changeset.swift; sourceTree = "<group>"; };
		20FE29C61D0307E200F6D863 /* CollectionViewSectionedDataSource.swift */ = {isa = PBXFileReference; fileEncoding = 4; lastKnownFileType = sourcecode.swift; path = CollectionViewSectionedDataSource.swift; sourceTree = "<group>"; };
		20FE29C71D0307E200F6D863 /* DataSources.swift */ = {isa = PBXFileReference; fileEncoding = 4; lastKnownFileType = sourcecode.swift; path = DataSources.swift; sourceTree = "<group>"; };
		20FE29C81D0307E200F6D863 /* Differentiator.swift */ = {isa = PBXFileReference; fileEncoding = 4; lastKnownFileType = sourcecode.swift; path = Differentiator.swift; sourceTree = "<group>"; };
		20FE29C91D0307E200F6D863 /* IdentifiableType.swift */ = {isa = PBXFileReference; fileEncoding = 4; lastKnownFileType = sourcecode.swift; path = IdentifiableType.swift; sourceTree = "<group>"; };
		20FE29CA1D0307E200F6D863 /* IdentifiableValue.swift */ = {isa = PBXFileReference; fileEncoding = 4; lastKnownFileType = sourcecode.swift; path = IdentifiableValue.swift; sourceTree = "<group>"; };
		20FE29CB1D0307E200F6D863 /* ItemPath.swift */ = {isa = PBXFileReference; fileEncoding = 4; lastKnownFileType = sourcecode.swift; path = ItemPath.swift; sourceTree = "<group>"; };
		20FE29CC1D0307E200F6D863 /* Optional+Extensions.swift */ = {isa = PBXFileReference; fileEncoding = 4; lastKnownFileType = sourcecode.swift; path = "Optional+Extensions.swift"; sourceTree = "<group>"; };
		20FE29CD1D0307E200F6D863 /* SectionModel.swift */ = {isa = PBXFileReference; fileEncoding = 4; lastKnownFileType = sourcecode.swift; path = SectionModel.swift; sourceTree = "<group>"; };
		20FE29CE1D0307E200F6D863 /* SectionModelType.swift */ = {isa = PBXFileReference; fileEncoding = 4; lastKnownFileType = sourcecode.swift; path = SectionModelType.swift; sourceTree = "<group>"; };
		20FE29CF1D0307E200F6D863 /* TableViewSectionedDataSource.swift */ = {isa = PBXFileReference; fileEncoding = 4; lastKnownFileType = sourcecode.swift; path = TableViewSectionedDataSource.swift; sourceTree = "<group>"; };
		20FE29D01D0307E200F6D863 /* UI+SectionedViewType.swift */ = {isa = PBXFileReference; fileEncoding = 4; lastKnownFileType = sourcecode.swift; path = "UI+SectionedViewType.swift"; sourceTree = "<group>"; };
		20FE29D21D0307E200F6D863 /* ObservableConvertibleType+Differentiator.swift */ = {isa = PBXFileReference; fileEncoding = 4; lastKnownFileType = sourcecode.swift; path = "ObservableConvertibleType+Differentiator.swift"; sourceTree = "<group>"; };
		20FE29D31D0307E200F6D863 /* RxCollectionViewSectionedAnimatedDataSource.swift */ = {isa = PBXFileReference; fileEncoding = 4; lastKnownFileType = sourcecode.swift; path = RxCollectionViewSectionedAnimatedDataSource.swift; sourceTree = "<group>"; };
		20FE29D41D0307E200F6D863 /* RxCollectionViewSectionedReloadDataSource.swift */ = {isa = PBXFileReference; fileEncoding = 4; lastKnownFileType = sourcecode.swift; path = RxCollectionViewSectionedReloadDataSource.swift; sourceTree = "<group>"; };
		20FE29D51D0307E200F6D863 /* RxTableViewSectionedAnimatedDataSource.swift */ = {isa = PBXFileReference; fileEncoding = 4; lastKnownFileType = sourcecode.swift; path = RxTableViewSectionedAnimatedDataSource.swift; sourceTree = "<group>"; };
		20FE29D61D0307E200F6D863 /* RxTableViewSectionedReloadDataSource.swift */ = {isa = PBXFileReference; fileEncoding = 4; lastKnownFileType = sourcecode.swift; path = RxTableViewSectionedReloadDataSource.swift; sourceTree = "<group>"; };
		20FE29D71D0307E200F6D863 /* UISectionedViewType+RxAnimatedDataSource.swift */ = {isa = PBXFileReference; fileEncoding = 4; lastKnownFileType = sourcecode.swift; path = "UISectionedViewType+RxAnimatedDataSource.swift"; sourceTree = "<group>"; };
		20FE29D81D0307E200F6D863 /* README.md */ = {isa = PBXFileReference; fileEncoding = 4; lastKnownFileType = net.daringfireball.markdown; path = README.md; sourceTree = "<group>"; };
		6430EB632577F2B56FF7BAB6 /* Pods-VisualBlue.debug.xcconfig */ = {isa = PBXFileReference; includeInIndex = 1; lastKnownFileType = text.xcconfig; name = "Pods-VisualBlue.debug.xcconfig"; path = "Pods/Target Support Files/Pods-VisualBlue/Pods-VisualBlue.debug.xcconfig"; sourceTree = "<group>"; };
		871AD9EABE73B89023DA7557 /* Pods_VisualBlue.framework */ = {isa = PBXFileReference; explicitFileType = wrapper.framework; includeInIndex = 0; path = Pods_VisualBlue.framework; sourceTree = BUILT_PRODUCTS_DIR; };
		E060F38B91DA509556822EC0 /* Pods-VisualBlue.release.xcconfig */ = {isa = PBXFileReference; includeInIndex = 1; lastKnownFileType = text.xcconfig; name = "Pods-VisualBlue.release.xcconfig"; path = "Pods/Target Support Files/Pods-VisualBlue/Pods-VisualBlue.release.xcconfig"; sourceTree = "<group>"; };
/* End PBXFileReference section */

/* Begin PBXFrameworksBuildPhase section */
		201DDD681D02ACFE0016E6A9 /* Frameworks */ = {
			isa = PBXFrameworksBuildPhase;
			buildActionMask = 2147483647;
			files = (
				69A3448792D70C1FF5129EE9 /* Pods_VisualBlue.framework in Frameworks */,
			);
			runOnlyForDeploymentPostprocessing = 0;
		};
		201DDD7C1D02ACFE0016E6A9 /* Frameworks */ = {
			isa = PBXFrameworksBuildPhase;
			buildActionMask = 2147483647;
			files = (
			);
			runOnlyForDeploymentPostprocessing = 0;
		};
/* End PBXFrameworksBuildPhase section */

/* Begin PBXGroup section */
		201DDD621D02ACFE0016E6A9 = {
			isa = PBXGroup;
			children = (
				201DDD6D1D02ACFE0016E6A9 /* VisualBlue */,
				201DDD821D02ACFE0016E6A9 /* VisualBlueTests */,
				201DDD6C1D02ACFE0016E6A9 /* Products */,
				FEC7AF814F6F396F0514DDEE /* Pods */,
				A7562D379C0CB109C58CF53F /* Frameworks */,
			);
			sourceTree = "<group>";
		};
		201DDD6C1D02ACFE0016E6A9 /* Products */ = {
			isa = PBXGroup;
			children = (
				201DDD6B1D02ACFE0016E6A9 /* VisualBlue.app */,
				201DDD7F1D02ACFE0016E6A9 /* VisualBlueTests.xctest */,
			);
			name = Products;
			sourceTree = "<group>";
		};
		201DDD6D1D02ACFE0016E6A9 /* VisualBlue */ = {
			isa = PBXGroup;
			children = (
				20DF54F61D02AE2500761910 /* ScannedPeripheralsController.swift */,
				2005D8FA1D051F1800350F15 /* CharacteristicsController.swift */,
				2005D8FC1D05200800350F15 /* Global.swift */,
				20FE29BF1D0307E200F6D863 /* RxDataSources */,
				20DF54F81D02AE8C00761910 /* SupportFiles */,
			);
			path = VisualBlue;
			sourceTree = "<group>";
		};
		201DDD821D02ACFE0016E6A9 /* VisualBlueTests */ = {
			isa = PBXGroup;
			children = (
				201DDD831D02ACFE0016E6A9 /* VisualBlueTests.swift */,
				201DDD851D02ACFE0016E6A9 /* Info.plist */,
			);
			path = VisualBlueTests;
			sourceTree = "<group>";
		};
		20DF54F81D02AE8C00761910 /* SupportFiles */ = {
			isa = PBXGroup;
			children = (
				201DDD6E1D02ACFE0016E6A9 /* AppDelegate.swift */,
				201DDD721D02ACFE0016E6A9 /* Main.storyboard */,
				201DDD751D02ACFE0016E6A9 /* Assets.xcassets */,
				201DDD771D02ACFE0016E6A9 /* LaunchScreen.storyboard */,
				201DDD7A1D02ACFE0016E6A9 /* Info.plist */,
			);
			name = SupportFiles;
			sourceTree = "<group>";
		};
		20FE29BF1D0307E200F6D863 /* RxDataSources */ = {
			isa = PBXGroup;
			children = (
				20FE29C01D0307E200F6D863 /* DataSources */,
				20FE29D11D0307E200F6D863 /* DataSources+Rx */,
				20FE29D81D0307E200F6D863 /* README.md */,
			);
			path = RxDataSources;
			sourceTree = "<group>";
		};
		20FE29C01D0307E200F6D863 /* DataSources */ = {
			isa = PBXGroup;
			children = (
				20FE29C11D0307E200F6D863 /* AnimatableSectionModel.swift */,
				20FE29C21D0307E200F6D863 /* AnimatableSectionModelType+ItemPath.swift */,
				20FE29C31D0307E200F6D863 /* AnimatableSectionModelType.swift */,
				20FE29C41D0307E200F6D863 /* AnimationConfiguration.swift */,
				20FE29C51D0307E200F6D863 /* Changeset.swift */,
				20FE29C61D0307E200F6D863 /* CollectionViewSectionedDataSource.swift */,
				20FE29C71D0307E200F6D863 /* DataSources.swift */,
				20FE29C81D0307E200F6D863 /* Differentiator.swift */,
				20FE29C91D0307E200F6D863 /* IdentifiableType.swift */,
				20FE29CA1D0307E200F6D863 /* IdentifiableValue.swift */,
				20FE29CB1D0307E200F6D863 /* ItemPath.swift */,
				20FE29CC1D0307E200F6D863 /* Optional+Extensions.swift */,
				20FE29CD1D0307E200F6D863 /* SectionModel.swift */,
				20FE29CE1D0307E200F6D863 /* SectionModelType.swift */,
				20FE29CF1D0307E200F6D863 /* TableViewSectionedDataSource.swift */,
				20FE29D01D0307E200F6D863 /* UI+SectionedViewType.swift */,
			);
			path = DataSources;
			sourceTree = "<group>";
		};
		20FE29D11D0307E200F6D863 /* DataSources+Rx */ = {
			isa = PBXGroup;
			children = (
				20FE29D21D0307E200F6D863 /* ObservableConvertibleType+Differentiator.swift */,
				20FE29D31D0307E200F6D863 /* RxCollectionViewSectionedAnimatedDataSource.swift */,
				20FE29D41D0307E200F6D863 /* RxCollectionViewSectionedReloadDataSource.swift */,
				20FE29D51D0307E200F6D863 /* RxTableViewSectionedAnimatedDataSource.swift */,
				20FE29D61D0307E200F6D863 /* RxTableViewSectionedReloadDataSource.swift */,
				20FE29D71D0307E200F6D863 /* UISectionedViewType+RxAnimatedDataSource.swift */,
			);
			path = "DataSources+Rx";
			sourceTree = "<group>";
		};
		A7562D379C0CB109C58CF53F /* Frameworks */ = {
			isa = PBXGroup;
			children = (
				871AD9EABE73B89023DA7557 /* Pods_VisualBlue.framework */,
			);
			name = Frameworks;
			sourceTree = "<group>";
		};
		FEC7AF814F6F396F0514DDEE /* Pods */ = {
			isa = PBXGroup;
			children = (
				6430EB632577F2B56FF7BAB6 /* Pods-VisualBlue.debug.xcconfig */,
				E060F38B91DA509556822EC0 /* Pods-VisualBlue.release.xcconfig */,
			);
			name = Pods;
			sourceTree = "<group>";
		};
/* End PBXGroup section */

/* Begin PBXNativeTarget section */
		201DDD6A1D02ACFE0016E6A9 /* VisualBlue */ = {
			isa = PBXNativeTarget;
			buildConfigurationList = 201DDD881D02ACFE0016E6A9 /* Build configuration list for PBXNativeTarget "VisualBlue" */;
			buildPhases = (
				95D71C3C389665906F7E8D86 /* Check Pods Manifest.lock */,
				201DDD671D02ACFE0016E6A9 /* Sources */,
				201DDD681D02ACFE0016E6A9 /* Frameworks */,
				201DDD691D02ACFE0016E6A9 /* Resources */,
				E7BAD562BDD8EEA802AA77D1 /* Embed Pods Frameworks */,
				6090E3E1FE9B9558F60F4A20 /* Copy Pods Resources */,
			);
			buildRules = (
			);
			dependencies = (
			);
			name = VisualBlue;
			productName = VisualBlue;
			productReference = 201DDD6B1D02ACFE0016E6A9 /* VisualBlue.app */;
			productType = "com.apple.product-type.application";
		};
		201DDD7E1D02ACFE0016E6A9 /* VisualBlueTests */ = {
			isa = PBXNativeTarget;
			buildConfigurationList = 201DDD8B1D02ACFE0016E6A9 /* Build configuration list for PBXNativeTarget "VisualBlueTests" */;
			buildPhases = (
				201DDD7B1D02ACFE0016E6A9 /* Sources */,
				201DDD7C1D02ACFE0016E6A9 /* Frameworks */,
				201DDD7D1D02ACFE0016E6A9 /* Resources */,
			);
			buildRules = (
			);
			dependencies = (
				201DDD811D02ACFE0016E6A9 /* PBXTargetDependency */,
			);
			name = VisualBlueTests;
			productName = VisualBlueTests;
			productReference = 201DDD7F1D02ACFE0016E6A9 /* VisualBlueTests.xctest */;
			productType = "com.apple.product-type.bundle.unit-test";
		};
/* End PBXNativeTarget section */

/* Begin PBXProject section */
		201DDD631D02ACFE0016E6A9 /* Project object */ = {
			isa = PBXProject;
			attributes = {
				LastSwiftUpdateCheck = 0730;
				LastUpgradeCheck = 0730;
				ORGANIZATIONNAME = Sheepy;
				TargetAttributes = {
					201DDD6A1D02ACFE0016E6A9 = {
						CreatedOnToolsVersion = 7.3;
					};
					201DDD7E1D02ACFE0016E6A9 = {
						CreatedOnToolsVersion = 7.3;
						TestTargetID = 201DDD6A1D02ACFE0016E6A9;
					};
				};
			};
			buildConfigurationList = 201DDD661D02ACFE0016E6A9 /* Build configuration list for PBXProject "VisualBlue" */;
			compatibilityVersion = "Xcode 3.2";
			developmentRegion = English;
			hasScannedForEncodings = 0;
			knownRegions = (
				en,
				Base,
			);
			mainGroup = 201DDD621D02ACFE0016E6A9;
			productRefGroup = 201DDD6C1D02ACFE0016E6A9 /* Products */;
			projectDirPath = "";
			projectRoot = "";
			targets = (
				201DDD6A1D02ACFE0016E6A9 /* VisualBlue */,
				201DDD7E1D02ACFE0016E6A9 /* VisualBlueTests */,
			);
		};
/* End PBXProject section */

/* Begin PBXResourcesBuildPhase section */
		201DDD691D02ACFE0016E6A9 /* Resources */ = {
			isa = PBXResourcesBuildPhase;
			buildActionMask = 2147483647;
			files = (
				201DDD791D02ACFE0016E6A9 /* LaunchScreen.storyboard in Resources */,
				201DDD761D02ACFE0016E6A9 /* Assets.xcassets in Resources */,
				201DDD741D02ACFE0016E6A9 /* Main.storyboard in Resources */,
			);
			runOnlyForDeploymentPostprocessing = 0;
		};
		201DDD7D1D02ACFE0016E6A9 /* Resources */ = {
			isa = PBXResourcesBuildPhase;
			buildActionMask = 2147483647;
			files = (
			);
			runOnlyForDeploymentPostprocessing = 0;
		};
/* End PBXResourcesBuildPhase section */

/* Begin PBXShellScriptBuildPhase section */
		6090E3E1FE9B9558F60F4A20 /* Copy Pods Resources */ = {
			isa = PBXShellScriptBuildPhase;
			buildActionMask = 2147483647;
			files = (
			);
			inputPaths = (
			);
			name = "Copy Pods Resources";
			outputPaths = (
			);
			runOnlyForDeploymentPostprocessing = 0;
			shellPath = /bin/sh;
			shellScript = "\"${SRCROOT}/Pods/Target Support Files/Pods-VisualBlue/Pods-VisualBlue-resources.sh\"\n";
			showEnvVarsInLog = 0;
		};
		95D71C3C389665906F7E8D86 /* Check Pods Manifest.lock */ = {
			isa = PBXShellScriptBuildPhase;
			buildActionMask = 2147483647;
			files = (
			);
			inputPaths = (
			);
			name = "Check Pods Manifest.lock";
			outputPaths = (
			);
			runOnlyForDeploymentPostprocessing = 0;
			shellPath = /bin/sh;
			shellScript = "diff \"${PODS_ROOT}/../Podfile.lock\" \"${PODS_ROOT}/Manifest.lock\" > /dev/null\nif [[ $? != 0 ]] ; then\n    cat << EOM\nerror: The sandbox is not in sync with the Podfile.lock. Run 'pod install' or update your CocoaPods installation.\nEOM\n    exit 1\nfi\n";
			showEnvVarsInLog = 0;
		};
		E7BAD562BDD8EEA802AA77D1 /* Embed Pods Frameworks */ = {
			isa = PBXShellScriptBuildPhase;
			buildActionMask = 2147483647;
			files = (
			);
			inputPaths = (
			);
			name = "Embed Pods Frameworks";
			outputPaths = (
			);
			runOnlyForDeploymentPostprocessing = 0;
			shellPath = /bin/sh;
			shellScript = "\"${SRCROOT}/Pods/Target Support Files/Pods-VisualBlue/Pods-VisualBlue-frameworks.sh\"\n";
			showEnvVarsInLog = 0;
		};
/* End PBXShellScriptBuildPhase section */

/* Begin PBXSourcesBuildPhase section */
		201DDD671D02ACFE0016E6A9 /* Sources */ = {
			isa = PBXSourcesBuildPhase;
			buildActionMask = 2147483647;
			files = (
				20FE29DF1D0307E200F6D863 /* DataSources.swift in Sources */,
				20FE29E81D0307E200F6D863 /* UI+SectionedViewType.swift in Sources */,
				20FE29E41D0307E200F6D863 /* Optional+Extensions.swift in Sources */,
				20FE29DB1D0307E200F6D863 /* AnimatableSectionModelType.swift in Sources */,
				20FE29EF1D0307E200F6D863 /* README.md in Sources */,
				20FE29E51D0307E200F6D863 /* SectionModel.swift in Sources */,
				20DF54F71D02AE2500761910 /* ScannedPeripheralsController.swift in Sources */,
				20FE29EE1D0307E200F6D863 /* UISectionedViewType+RxAnimatedDataSource.swift in Sources */,
				20FE29E11D0307E200F6D863 /* IdentifiableType.swift in Sources */,
				20FE29EC1D0307E200F6D863 /* RxTableViewSectionedAnimatedDataSource.swift in Sources */,
				201DDD6F1D02ACFE0016E6A9 /* AppDelegate.swift in Sources */,
				20FE29E21D0307E200F6D863 /* IdentifiableValue.swift in Sources */,
				20FE29DD1D0307E200F6D863 /* Changeset.swift in Sources */,
				20FE29EB1D0307E200F6D863 /* RxCollectionViewSectionedReloadDataSource.swift in Sources */,
				20FE29DE1D0307E200F6D863 /* CollectionViewSectionedDataSource.swift in Sources */,
				20FE29E01D0307E200F6D863 /* Differentiator.swift in Sources */,
				2005D8FB1D051F1800350F15 /* CharacteristicsController.swift in Sources */,
				20FE29D91D0307E200F6D863 /* AnimatableSectionModel.swift in Sources */,
				20FE29E91D0307E200F6D863 /* ObservableConvertibleType+Differentiator.swift in Sources */,
				20FE29EA1D0307E200F6D863 /* RxCollectionViewSectionedAnimatedDataSource.swift in Sources */,
				20FE29ED1D0307E200F6D863 /* RxTableViewSectionedReloadDataSource.swift in Sources */,
				20FE29E31D0307E200F6D863 /* ItemPath.swift in Sources */,
				20FE29DC1D0307E200F6D863 /* AnimationConfiguration.swift in Sources */,
				20FE29E61D0307E200F6D863 /* SectionModelType.swift in Sources */,
				20FE29DA1D0307E200F6D863 /* AnimatableSectionModelType+ItemPath.swift in Sources */,
				20FE29E71D0307E200F6D863 /* TableViewSectionedDataSource.swift in Sources */,
				2005D8FD1D05200800350F15 /* Global.swift in Sources */,
			);
			runOnlyForDeploymentPostprocessing = 0;
		};
		201DDD7B1D02ACFE0016E6A9 /* Sources */ = {
			isa = PBXSourcesBuildPhase;
			buildActionMask = 2147483647;
			files = (
				201DDD841D02ACFE0016E6A9 /* VisualBlueTests.swift in Sources */,
			);
			runOnlyForDeploymentPostprocessing = 0;
		};
/* End PBXSourcesBuildPhase section */

/* Begin PBXTargetDependency section */
		201DDD811D02ACFE0016E6A9 /* PBXTargetDependency */ = {
			isa = PBXTargetDependency;
			target = 201DDD6A1D02ACFE0016E6A9 /* VisualBlue */;
			targetProxy = 201DDD801D02ACFE0016E6A9 /* PBXContainerItemProxy */;
		};
/* End PBXTargetDependency section */

/* Begin PBXVariantGroup section */
		201DDD721D02ACFE0016E6A9 /* Main.storyboard */ = {
			isa = PBXVariantGroup;
			children = (
				201DDD731D02ACFE0016E6A9 /* Base */,
			);
			name = Main.storyboard;
			sourceTree = "<group>";
		};
		201DDD771D02ACFE0016E6A9 /* LaunchScreen.storyboard */ = {
			isa = PBXVariantGroup;
			children = (
				201DDD781D02ACFE0016E6A9 /* Base */,
			);
			name = LaunchScreen.storyboard;
			sourceTree = "<group>";
		};
/* End PBXVariantGroup section */

/* Begin XCBuildConfiguration section */
		201DDD861D02ACFE0016E6A9 /* Debug */ = {
			isa = XCBuildConfiguration;
			buildSettings = {
				ALWAYS_SEARCH_USER_PATHS = NO;
				CLANG_ANALYZER_NONNULL = YES;
				CLANG_CXX_LANGUAGE_STANDARD = "gnu++0x";
				CLANG_CXX_LIBRARY = "libc++";
				CLANG_ENABLE_MODULES = YES;
				CLANG_ENABLE_OBJC_ARC = YES;
				CLANG_WARN_BOOL_CONVERSION = YES;
				CLANG_WARN_CONSTANT_CONVERSION = YES;
				CLANG_WARN_DIRECT_OBJC_ISA_USAGE = YES_ERROR;
				CLANG_WARN_EMPTY_BODY = YES;
				CLANG_WARN_ENUM_CONVERSION = YES;
				CLANG_WARN_INT_CONVERSION = YES;
				CLANG_WARN_OBJC_ROOT_CLASS = YES_ERROR;
				CLANG_WARN_UNREACHABLE_CODE = YES;
				CLANG_WARN__DUPLICATE_METHOD_MATCH = YES;
				"CODE_SIGN_IDENTITY[sdk=iphoneos*]" = "iPhone Developer";
				COPY_PHASE_STRIP = NO;
				DEBUG_INFORMATION_FORMAT = dwarf;
				ENABLE_STRICT_OBJC_MSGSEND = YES;
				ENABLE_TESTABILITY = YES;
				GCC_C_LANGUAGE_STANDARD = gnu99;
				GCC_DYNAMIC_NO_PIC = NO;
				GCC_NO_COMMON_BLOCKS = YES;
				GCC_OPTIMIZATION_LEVEL = 0;
				GCC_PREPROCESSOR_DEFINITIONS = (
					"DEBUG=1",
					"$(inherited)",
				);
				GCC_WARN_64_TO_32_BIT_CONVERSION = YES;
				GCC_WARN_ABOUT_RETURN_TYPE = YES_ERROR;
				GCC_WARN_UNDECLARED_SELECTOR = YES;
				GCC_WARN_UNINITIALIZED_AUTOS = YES_AGGRESSIVE;
				GCC_WARN_UNUSED_FUNCTION = YES;
				GCC_WARN_UNUSED_VARIABLE = YES;
				IPHONEOS_DEPLOYMENT_TARGET = 8.0;
				MTL_ENABLE_DEBUG_INFO = YES;
				ONLY_ACTIVE_ARCH = YES;
				SDKROOT = iphoneos;
				SWIFT_OPTIMIZATION_LEVEL = "-Onone";
			};
			name = Debug;
		};
		201DDD871D02ACFE0016E6A9 /* Release */ = {
			isa = XCBuildConfiguration;
			buildSettings = {
				ALWAYS_SEARCH_USER_PATHS = NO;
				CLANG_ANALYZER_NONNULL = YES;
				CLANG_CXX_LANGUAGE_STANDARD = "gnu++0x";
				CLANG_CXX_LIBRARY = "libc++";
				CLANG_ENABLE_MODULES = YES;
				CLANG_ENABLE_OBJC_ARC = YES;
				CLANG_WARN_BOOL_CONVERSION = YES;
				CLANG_WARN_CONSTANT_CONVERSION = YES;
				CLANG_WARN_DIRECT_OBJC_ISA_USAGE = YES_ERROR;
				CLANG_WARN_EMPTY_BODY = YES;
				CLANG_WARN_ENUM_CONVERSION = YES;
				CLANG_WARN_INT_CONVERSION = YES;
				CLANG_WARN_OBJC_ROOT_CLASS = YES_ERROR;
				CLANG_WARN_UNREACHABLE_CODE = YES;
				CLANG_WARN__DUPLICATE_METHOD_MATCH = YES;
				"CODE_SIGN_IDENTITY[sdk=iphoneos*]" = "iPhone Developer";
				COPY_PHASE_STRIP = NO;
				DEBUG_INFORMATION_FORMAT = "dwarf-with-dsym";
				ENABLE_NS_ASSERTIONS = NO;
				ENABLE_STRICT_OBJC_MSGSEND = YES;
				GCC_C_LANGUAGE_STANDARD = gnu99;
				GCC_NO_COMMON_BLOCKS = YES;
				GCC_WARN_64_TO_32_BIT_CONVERSION = YES;
				GCC_WARN_ABOUT_RETURN_TYPE = YES_ERROR;
				GCC_WARN_UNDECLARED_SELECTOR = YES;
				GCC_WARN_UNINITIALIZED_AUTOS = YES_AGGRESSIVE;
				GCC_WARN_UNUSED_FUNCTION = YES;
				GCC_WARN_UNUSED_VARIABLE = YES;
				IPHONEOS_DEPLOYMENT_TARGET = 8.0;
				MTL_ENABLE_DEBUG_INFO = NO;
				SDKROOT = iphoneos;
				VALIDATE_PRODUCT = YES;
			};
			name = Release;
		};
		201DDD891D02ACFE0016E6A9 /* Debug */ = {
			isa = XCBuildConfiguration;
			baseConfigurationReference = 6430EB632577F2B56FF7BAB6 /* Pods-VisualBlue.debug.xcconfig */;
			buildSettings = {
				ASSETCATALOG_COMPILER_APPICON_NAME = AppIcon;
				INFOPLIST_FILE = VisualBlue/Info.plist;
				IPHONEOS_DEPLOYMENT_TARGET = 8.0;
				LD_RUNPATH_SEARCH_PATHS = "$(inherited) @executable_path/Frameworks";
				PRODUCT_BUNDLE_IDENTIFIER = com.sheepy.VisualBlue;
				PRODUCT_NAME = "$(TARGET_NAME)";
			};
			name = Debug;
		};
		201DDD8A1D02ACFE0016E6A9 /* Release */ = {
			isa = XCBuildConfiguration;
			baseConfigurationReference = E060F38B91DA509556822EC0 /* Pods-VisualBlue.release.xcconfig */;
			buildSettings = {
				ASSETCATALOG_COMPILER_APPICON_NAME = AppIcon;
				INFOPLIST_FILE = VisualBlue/Info.plist;
				IPHONEOS_DEPLOYMENT_TARGET = 8.0;
				LD_RUNPATH_SEARCH_PATHS = "$(inherited) @executable_path/Frameworks";
				PRODUCT_BUNDLE_IDENTIFIER = com.sheepy.VisualBlue;
				PRODUCT_NAME = "$(TARGET_NAME)";
			};
			name = Release;
		};
		201DDD8C1D02ACFE0016E6A9 /* Debug */ = {
			isa = XCBuildConfiguration;
			buildSettings = {
				BUNDLE_LOADER = "$(TEST_HOST)";
				INFOPLIST_FILE = VisualBlueTests/Info.plist;
				LD_RUNPATH_SEARCH_PATHS = "$(inherited) @executable_path/Frameworks @loader_path/Frameworks";
				PRODUCT_BUNDLE_IDENTIFIER = com.sheepy.VisualBlueTests;
				PRODUCT_NAME = "$(TARGET_NAME)";
				TEST_HOST = "$(BUILT_PRODUCTS_DIR)/VisualBlue.app/VisualBlue";
			};
			name = Debug;
		};
		201DDD8D1D02ACFE0016E6A9 /* Release */ = {
			isa = XCBuildConfiguration;
			buildSettings = {
				BUNDLE_LOADER = "$(TEST_HOST)";
				INFOPLIST_FILE = VisualBlueTests/Info.plist;
				LD_RUNPATH_SEARCH_PATHS = "$(inherited) @executable_path/Frameworks @loader_path/Frameworks";
				PRODUCT_BUNDLE_IDENTIFIER = com.sheepy.VisualBlueTests;
				PRODUCT_NAME = "$(TARGET_NAME)";
				TEST_HOST = "$(BUILT_PRODUCTS_DIR)/VisualBlue.app/VisualBlue";
			};
			name = Release;
		};
/* End XCBuildConfiguration section */

/* Begin XCConfigurationList section */
		201DDD661D02ACFE0016E6A9 /* Build configuration list for PBXProject "VisualBlue" */ = {
			isa = XCConfigurationList;
			buildConfigurations = (
				201DDD861D02ACFE0016E6A9 /* Debug */,
				201DDD871D02ACFE0016E6A9 /* Release */,
			);
			defaultConfigurationIsVisible = 0;
			defaultConfigurationName = Release;
		};
		201DDD881D02ACFE0016E6A9 /* Build configuration list for PBXNativeTarget "VisualBlue" */ = {
			isa = XCConfigurationList;
			buildConfigurations = (
				201DDD891D02ACFE0016E6A9 /* Debug */,
				201DDD8A1D02ACFE0016E6A9 /* Release */,
			);
			defaultConfigurationIsVisible = 0;
			defaultConfigurationName = Release;
		};
		201DDD8B1D02ACFE0016E6A9 /* Build configuration list for PBXNativeTarget "VisualBlueTests" */ = {
			isa = XCConfigurationList;
			buildConfigurations = (
				201DDD8C1D02ACFE0016E6A9 /* Debug */,
				201DDD8D1D02ACFE0016E6A9 /* Release */,
			);
			defaultConfigurationIsVisible = 0;
			defaultConfigurationName = Release;
		};
/* End XCConfigurationList section */
	};
	rootObject = 201DDD631D02ACFE0016E6A9 /* Project object */;
}
